<?xml version="1.0" encoding="utf-8"?>
<Project ToolsVersion="4.0" xmlns="http://schemas.microsoft.com/developer/msbuild/2003">
  <ItemGroup>
    <Filter Include="ソース ファイル">
      <UniqueIdentifier>{4FC737F1-C7A5-4376-A066-2A32D752A2FF}</UniqueIdentifier>
      <Extensions>cpp;c;cc;cxx;c++;cppm;ixx;def;odl;idl;hpj;bat;asm;asmx</Extensions>
    </Filter>
    <Filter Include="リソース ファイル">
      <UniqueIdentifier>{67DA6AB6-F800-4c08-8B7A-83BB121AAD01}</UniqueIdentifier>
      <Extensions>rc;ico;cur;bmp;dlg;rc2;rct;bin;rgs;gif;jpg;jpeg;jpe;resx;tiff;tif;png;wav;mfcribbon-ms</Extensions>
    </Filter>
    <Filter Include="ソース ファイル\component">
      <UniqueIdentifier>{d045932d-5a6a-4704-8ba2-a30cd4e3c63e}</UniqueIdentifier>
    </Filter>
    <Filter Include="ソース ファイル\animation">
      <UniqueIdentifier>{e97f76e3-63ea-40b7-87f6-37e5ee56ebde}</UniqueIdentifier>
    </Filter>
    <Filter Include="ソース ファイル\main">
      <UniqueIdentifier>{d7bafc83-7209-4e75-acb3-e813dd557649}</UniqueIdentifier>
    </Filter>
    <Filter Include="ソース ファイル\script">
      <UniqueIdentifier>{a145f6ee-ac5d-4458-a3fa-6cec5d243fdb}</UniqueIdentifier>
    </Filter>
    <Filter Include="ソース ファイル\input">
      <UniqueIdentifier>{c3264134-3e7d-48a9-8b32-e91e69c1b989}</UniqueIdentifier>
    </Filter>
    <Filter Include="ソース ファイル\math">
      <UniqueIdentifier>{665b37b9-6bd3-4687-a06c-b11bd7603a66}</UniqueIdentifier>
    </Filter>
    <Filter Include="ソース ファイル\debug">
      <UniqueIdentifier>{5b35c03e-53fd-455f-85d2-37ec6ad9e493}</UniqueIdentifier>
    </Filter>
    <Filter Include="ソース ファイル\scene">
      <UniqueIdentifier>{f6c4de37-19f1-4b23-8f1d-7c76c1f4e6c4}</UniqueIdentifier>
    </Filter>
    <Filter Include="ソース ファイル\string">
      <UniqueIdentifier>{d1557e71-2d1a-4e69-9b79-975d6d7b7498}</UniqueIdentifier>
    </Filter>
    <Filter Include="ソース ファイル\info">
      <UniqueIdentifier>{8b5543a8-28d3-4899-8392-f1a67b57d9b5}</UniqueIdentifier>
    </Filter>
    <Filter Include="ソース ファイル\image">
      <UniqueIdentifier>{c63d0ecb-1e44-42c2-90b0-6af4ae3b59bd}</UniqueIdentifier>
    </Filter>
    <Filter Include="ソース ファイル\window">
      <UniqueIdentifier>{3ba230fb-cc10-4a83-b6d8-385fc3e1a91b}</UniqueIdentifier>
    </Filter>
    <Filter Include="ソース ファイル\window\inspector">
      <UniqueIdentifier>{6e768024-3c0b-45c4-a7c8-25d0e2ab999f}</UniqueIdentifier>
    </Filter>
    <Filter Include="ソース ファイル\window\game">
      <UniqueIdentifier>{7363c13a-7d91-4bce-9acf-4f99bd5c98c7}</UniqueIdentifier>
    </Filter>
    <Filter Include="ソース ファイル\window\hierarchy">
      <UniqueIdentifier>{6e46d69f-8d96-4d62-ac49-707a5cd525df}</UniqueIdentifier>
    </Filter>
    <Filter Include="ソース ファイル\window\treeList">
      <UniqueIdentifier>{b648b4e7-e458-4b98-9de0-f4341913b5a5}</UniqueIdentifier>
    </Filter>
    <Filter Include="ソース ファイル\window\rect">
      <UniqueIdentifier>{9ce1022c-822f-476b-a39f-20818cc384c1}</UniqueIdentifier>
    </Filter>
    <Filter Include="ソース ファイル\window\rect\textBox">
      <UniqueIdentifier>{0c9516c2-4ff5-4530-b5f5-35da0e47c491}</UniqueIdentifier>
    </Filter>
    <Filter Include="ソース ファイル\window\button">
      <UniqueIdentifier>{c73c154d-65d2-4344-9dba-463b7792fb47}</UniqueIdentifier>
    </Filter>
    <Filter Include="ソース ファイル\window\project">
      <UniqueIdentifier>{0d26e3cc-356f-4f56-9c07-7fb867aecd4a}</UniqueIdentifier>
    </Filter>
    <Filter Include="ソース ファイル\window\project\icon">
      <UniqueIdentifier>{b50cd0ec-2cab-44fe-8563-33dc784f407e}</UniqueIdentifier>
    </Filter>
    <Filter Include="ソース ファイル\window\text">
      <UniqueIdentifier>{e7ee46b4-9b29-4586-8746-235e1b3e87f5}</UniqueIdentifier>
    </Filter>
    <Filter Include="ソース ファイル\component\collider">
      <UniqueIdentifier>{aa5879d4-68b2-4485-bbea-43ed93ad34ea}</UniqueIdentifier>
    </Filter>
    <Filter Include="ソース ファイル\physic">
      <UniqueIdentifier>{6d88deea-ea5e-40e0-ab01-5dfea66dda15}</UniqueIdentifier>
    </Filter>
    <Filter Include="ソース ファイル\window\menuList">
      <UniqueIdentifier>{30ac303d-1bdb-45cb-80b0-b4b31adc81cc}</UniqueIdentifier>
    </Filter>
    <Filter Include="ソース ファイル\pointer">
      <UniqueIdentifier>{420e8ea0-fbd4-4add-a78f-d4cad339be85}</UniqueIdentifier>
    </Filter>
  </ItemGroup>
  <ItemGroup>
    <ClCompile Include="Transform.cpp">
      <Filter>ソース ファイル\component</Filter>
    </ClCompile>
    <ClCompile Include="ImageRenderer.cpp">
      <Filter>ソース ファイル\component</Filter>
    </ClCompile>
    <ClCompile Include="Camera.cpp">
      <Filter>ソース ファイル\component</Filter>
    </ClCompile>
    <ClCompile Include="AnimatorController.cpp">
      <Filter>ソース ファイル\animation</Filter>
    </ClCompile>
    <ClCompile Include="AnimationState.cpp">
      <Filter>ソース ファイル\animation</Filter>
    </ClCompile>
    <ClCompile Include="AnimationTransition.cpp">
      <Filter>ソース ファイル\animation</Filter>
    </ClCompile>
    <ClCompile Include="Main.cpp">
      <Filter>ソース ファイル\main</Filter>
    </ClCompile>
    <ClCompile Include="Window.cpp">
      <Filter>ソース ファイル\window</Filter>
    </ClCompile>
    <ClCompile Include="Animator.cpp">
      <Filter>ソース ファイル\component</Filter>
    </ClCompile>
    <ClCompile Include="PlayerScript.cpp">
      <Filter>ソース ファイル\script</Filter>
    </ClCompile>
    <ClCompile Include="Input.cpp">
      <Filter>ソース ファイル\input</Filter>
    </ClCompile>
    <ClCompile Include="KeyState.cpp">
      <Filter>ソース ファイル\input</Filter>
    </ClCompile>
    <ClCompile Include="Vector3.cpp">
      <Filter>ソース ファイル\math</Filter>
    </ClCompile>
    <ClCompile Include="Matrix.cpp">
      <Filter>ソース ファイル\math</Filter>
    </ClCompile>
    <ClCompile Include="MyMath.cpp">
      <Filter>ソース ファイル\math</Filter>
    </ClCompile>
    <ClCompile Include="Rotate.cpp">
      <Filter>ソース ファイル\script</Filter>
    </ClCompile>
    <ClCompile Include="WindowManager.cpp">
      <Filter>ソース ファイル\window</Filter>
    </ClCompile>
    <ClCompile Include="InspectorWindow.cpp">
      <Filter>ソース ファイル\window\inspector</Filter>
    </ClCompile>
    <ClCompile Include="GameWindow.cpp">
      <Filter>ソース ファイル\window\game</Filter>
    </ClCompile>
    <ClCompile Include="Debug.cpp">
      <Filter>ソース ファイル\debug</Filter>
    </ClCompile>
    <ClCompile Include="TransformRect.cpp">
      <Filter>ソース ファイル\window\inspector</Filter>
    </ClCompile>
    <ClCompile Include="ComponentRect.cpp">
      <Filter>ソース ファイル\window\inspector</Filter>
    </ClCompile>
    <ClCompile Include="HierarchyWindow.cpp">
      <Filter>ソース ファイル\window\hierarchy</Filter>
    </ClCompile>
    <ClCompile Include="TreeList.cpp">
      <Filter>ソース ファイル\window\treeList</Filter>
    </ClCompile>
    <ClCompile Include="TreeNode.cpp">
      <Filter>ソース ファイル\window\treeList</Filter>
    </ClCompile>
    <ClCompile Include="Rect.cpp">
      <Filter>ソース ファイル\window\rect</Filter>
    </ClCompile>
    <ClCompile Include="TriggerRect.cpp">
      <Filter>ソース ファイル\window\rect</Filter>
    </ClCompile>
    <ClCompile Include="WindowButton.cpp">
      <Filter>ソース ファイル\window\button</Filter>
    </ClCompile>
    <ClCompile Include="Scene.cpp">
      <Filter>ソース ファイル\scene</Filter>
    </ClCompile>
    <ClCompile Include="SceneManager.cpp">
      <Filter>ソース ファイル\scene</Filter>
    </ClCompile>
    <ClCompile Include="TextBox.cpp">
      <Filter>ソース ファイル\window\rect\textBox</Filter>
    </ClCompile>
    <ClCompile Include="ProjectWindow.cpp">
      <Filter>ソース ファイル\window\project</Filter>
    </ClCompile>
    <ClCompile Include="FilePrintRect.cpp">
      <Filter>ソース ファイル\window\project</Filter>
    </ClCompile>
    <ClCompile Include="TextRect.cpp">
      <Filter>ソース ファイル\window\text</Filter>
    </ClCompile>
    <ClCompile Include="ProjectFileManager.cpp">
      <Filter>ソース ファイル\window\project</Filter>
    </ClCompile>
    <ClCompile Include="ScrollRect.cpp">
      <Filter>ソース ファイル\window\rect</Filter>
    </ClCompile>
    <ClCompile Include="Font.cpp">
      <Filter>ソース ファイル\string</Filter>
    </ClCompile>
    <ClCompile Include="MyString.cpp">
      <Filter>ソース ファイル\string</Filter>
    </ClCompile>
    <ClCompile Include="FontManager.cpp">
      <Filter>ソース ファイル\string</Filter>
    </ClCompile>
    <ClCompile Include="ImageIcon.cpp">
      <Filter>ソース ファイル\window\project\icon</Filter>
    </ClCompile>
    <ClCompile Include="Info.cpp">
      <Filter>ソース ファイル\info</Filter>
    </ClCompile>
    <ClCompile Include="SceneInfo.cpp">
      <Filter>ソース ファイル\info</Filter>
    </ClCompile>
    <ClCompile Include="Image.cpp">
      <Filter>ソース ファイル\image</Filter>
    </ClCompile>
    <ClCompile Include="ImageManager.cpp">
      <Filter>ソース ファイル\image</Filter>
    </ClCompile>
    <ClCompile Include="GameObject.cpp">
      <Filter>ソース ファイル\scene</Filter>
    </ClCompile>
    <ClCompile Include="AnimationParamater.cpp">
      <Filter>ソース ファイル\animation</Filter>
    </ClCompile>
    <ClCompile Include="Component.cpp">
      <Filter>ソース ファイル\component</Filter>
    </ClCompile>
    <ClCompile Include="Animation.cpp">
      <Filter>ソース ファイル\animation</Filter>
    </ClCompile>
    <ClCompile Include="BoxCollider.cpp">
      <Filter>ソース ファイル\component\collider</Filter>
    </ClCompile>
    <ClCompile Include="CircleCollider.cpp">
      <Filter>ソース ファイル\component\collider</Filter>
    </ClCompile>
    <ClCompile Include="Collider.cpp">
      <Filter>ソース ファイル\component\collider</Filter>
    </ClCompile>
    <ClCompile Include="VertexCollider.cpp">
      <Filter>ソース ファイル\component\collider</Filter>
    </ClCompile>
    <ClCompile Include="HitChecker.cpp">
      <Filter>ソース ファイル\scene</Filter>
    </ClCompile>
    <ClCompile Include="DrawComponent.cpp">
      <Filter>ソース ファイル\component</Filter>
    </ClCompile>
    <ClCompile Include="Time.cpp">
      <Filter>ソース ファイル\math</Filter>
    </ClCompile>
    <ClCompile Include="Physics.cpp">
      <Filter>ソース ファイル\physic</Filter>
    </ClCompile>
    <ClCompile Include="RigidBody.cpp">
      <Filter>ソース ファイル\component</Filter>
    </ClCompile>
    <ClCompile Include="MonoBehaviour.cpp">
      <Filter>ソース ファイル\component</Filter>
    </ClCompile>
    <ClCompile Include="CreateBallScript.cpp">
      <Filter>ソース ファイル\script</Filter>
    </ClCompile>
    <ClCompile Include="Collision.cpp">
      <Filter>ソース ファイル\physic</Filter>
    </ClCompile>
    <ClCompile Include="GJK.cpp">
      <Filter>ソース ファイル\math</Filter>
    </ClCompile>
    <ClCompile Include="Vector2.cpp">
      <Filter>ソース ファイル\math</Filter>
    </ClCompile>
    <ClCompile Include="ContactPoint.cpp">
      <Filter>ソース ファイル\physic</Filter>
    </ClCompile>
    <ClCompile Include="Constraint.cpp">
      <Filter>ソース ファイル\physic</Filter>
    </ClCompile>
    <ClCompile Include="FolderIcon.cpp">
      <Filter>ソース ファイル\window\project\icon</Filter>
    </ClCompile>
    <ClCompile Include="ScriptIcon.cpp">
      <Filter>ソース ファイル\window\project\icon</Filter>
    </ClCompile>
    <ClCompile Include="MenuNode.cpp">
      <Filter>ソース ファイル\window\menuList</Filter>
    </ClCompile>
    <ClCompile Include="MenuList.cpp">
      <Filter>ソース ファイル\window\menuList</Filter>
    </ClCompile>
    <ClCompile Include="Librate.cpp">
      <Filter>ソース ファイル\pointer</Filter>
    </ClCompile>
    <ClCompile Include="FileIcon.cpp">
      <Filter>ソース ファイル\window\project\icon</Filter>
    </ClCompile>
  </ItemGroup>
  <ItemGroup>
    <ClInclude Include="Animation.h">
      <Filter>ソース ファイル\animation</Filter>
    </ClInclude>
    <ClInclude Include="AnimatorController.h">
      <Filter>ソース ファイル\animation</Filter>
    </ClInclude>
    <ClInclude Include="AnimationState.h">
      <Filter>ソース ファイル\animation</Filter>
    </ClInclude>
    <ClInclude Include="AnimationTransition.h">
      <Filter>ソース ファイル\animation</Filter>
    </ClInclude>
    <ClInclude Include="Animator.h">
      <Filter>ソース ファイル\component</Filter>
    </ClInclude>
    <ClInclude Include="Camera.h">
      <Filter>ソース ファイル\component</Filter>
    </ClInclude>
    <ClInclude Include="Component.h">
      <Filter>ソース ファイル\component</Filter>
    </ClInclude>
    <ClInclude Include="ImageRenderer.h">
      <Filter>ソース ファイル\component</Filter>
    </ClInclude>
    <ClInclude Include="Transform.h">
      <Filter>ソース ファイル\component</Filter>
    </ClInclude>
    <ClInclude Include="Window.h">
      <Filter>ソース ファイル\window</Filter>
    </ClInclude>
    <ClInclude Include="PlayerScript.h">
      <Filter>ソース ファイル\script</Filter>
    </ClInclude>
    <ClInclude Include="Input.h">
      <Filter>ソース ファイル\input</Filter>
    </ClInclude>
    <ClInclude Include="KeyState.h">
      <Filter>ソース ファイル\input</Filter>
    </ClInclude>
    <ClInclude Include="Vector3.h">
      <Filter>ソース ファイル\math</Filter>
    </ClInclude>
    <ClInclude Include="Matrix.h">
      <Filter>ソース ファイル\math</Filter>
    </ClInclude>
    <ClInclude Include="MyMath.h">
      <Filter>ソース ファイル\math</Filter>
    </ClInclude>
    <ClInclude Include="Rotate.h">
      <Filter>ソース ファイル\script</Filter>
    </ClInclude>
    <ClInclude Include="Property.h">
      <Filter>ソース ファイル\math</Filter>
    </ClInclude>
    <ClInclude Include="WindowManager.h">
      <Filter>ソース ファイル\window</Filter>
    </ClInclude>
    <ClInclude Include="InspectorWindow.h">
      <Filter>ソース ファイル\window\inspector</Filter>
    </ClInclude>
    <ClInclude Include="GameWindow.h">
      <Filter>ソース ファイル\window\game</Filter>
    </ClInclude>
    <ClInclude Include="Debug.h">
      <Filter>ソース ファイル\debug</Filter>
    </ClInclude>
    <ClInclude Include="ComponentRect.h">
      <Filter>ソース ファイル\window\inspector</Filter>
    </ClInclude>
    <ClInclude Include="TransformRect.h">
      <Filter>ソース ファイル\window\inspector</Filter>
    </ClInclude>
    <ClInclude Include="HierarchyWindow.h">
      <Filter>ソース ファイル\window\hierarchy</Filter>
    </ClInclude>
    <ClInclude Include="TreeList.h">
      <Filter>ソース ファイル\window\treeList</Filter>
    </ClInclude>
    <ClInclude Include="TreeNode.h">
      <Filter>ソース ファイル\window\treeList</Filter>
    </ClInclude>
    <ClInclude Include="Rect.h">
      <Filter>ソース ファイル\window\rect</Filter>
    </ClInclude>
    <ClInclude Include="TriggerRect.h">
      <Filter>ソース ファイル\window\rect</Filter>
    </ClInclude>
    <ClInclude Include="WindowButton.h">
      <Filter>ソース ファイル\window\button</Filter>
    </ClInclude>
    <ClInclude Include="Scene.h">
      <Filter>ソース ファイル\scene</Filter>
    </ClInclude>
    <ClInclude Include="SceneManager.h">
      <Filter>ソース ファイル\scene</Filter>
    </ClInclude>
    <ClInclude Include="TextBox.h">
      <Filter>ソース ファイル\window\rect\textBox</Filter>
    </ClInclude>
    <ClInclude Include="ProjectWindow.h">
      <Filter>ソース ファイル\window\project</Filter>
    </ClInclude>
    <ClInclude Include="FilePrintRect.h">
      <Filter>ソース ファイル\window\project</Filter>
    </ClInclude>
    <ClInclude Include="resource.h">
      <Filter>リソース ファイル</Filter>
    </ClInclude>
    <ClInclude Include="TextRect.h">
      <Filter>ソース ファイル\window\text</Filter>
    </ClInclude>
    <ClInclude Include="ProjectFileManager.h">
      <Filter>ソース ファイル\window\project</Filter>
    </ClInclude>
    <ClInclude Include="ScrollRect.h">
      <Filter>ソース ファイル\window\rect</Filter>
    </ClInclude>
    <ClInclude Include="Font.h">
      <Filter>ソース ファイル\string</Filter>
    </ClInclude>
    <ClInclude Include="MyString.h">
      <Filter>ソース ファイル\string</Filter>
    </ClInclude>
    <ClInclude Include="FontManager.h">
      <Filter>ソース ファイル\string</Filter>
    </ClInclude>
    <ClInclude Include="FileIcon.h">
      <Filter>ソース ファイル\window\project\icon</Filter>
    </ClInclude>
    <ClInclude Include="ImageIcon.h">
      <Filter>ソース ファイル\window\project\icon</Filter>
    </ClInclude>
    <ClInclude Include="Info.h">
      <Filter>ソース ファイル\info</Filter>
    </ClInclude>
    <ClInclude Include="SceneInfo.h">
      <Filter>ソース ファイル\info</Filter>
    </ClInclude>
    <ClInclude Include="Image.h">
      <Filter>ソース ファイル\image</Filter>
    </ClInclude>
    <ClInclude Include="ImageManager.h">
      <Filter>ソース ファイル\image</Filter>
    </ClInclude>
    <ClInclude Include="AnimationCondition.h">
      <Filter>ソース ファイル\animation</Filter>
    </ClInclude>
    <ClInclude Include="AnimationParamater.h">
      <Filter>ソース ファイル\animation</Filter>
    </ClInclude>
    <ClInclude Include="MonoBehaviour.h">
      <Filter>ソース ファイル\component</Filter>
    </ClInclude>
    <ClInclude Include="BoxCollider.h">
      <Filter>ソース ファイル\component\collider</Filter>
    </ClInclude>
    <ClInclude Include="CircleCollider.h">
      <Filter>ソース ファイル\component\collider</Filter>
    </ClInclude>
    <ClInclude Include="Collider.h">
      <Filter>ソース ファイル\component\collider</Filter>
    </ClInclude>
    <ClInclude Include="VertexCollider.h">
      <Filter>ソース ファイル\component\collider</Filter>
    </ClInclude>
    <ClInclude Include="HitChecker.h">
      <Filter>ソース ファイル\scene</Filter>
    </ClInclude>
    <ClInclude Include="DrawComponent.h">
      <Filter>ソース ファイル\component</Filter>
    </ClInclude>
    <ClInclude Include="GameObject.h">
      <Filter>ソース ファイル\scene</Filter>
    </ClInclude>
    <ClInclude Include="Time.h">
      <Filter>ソース ファイル\math</Filter>
    </ClInclude>
    <ClInclude Include="Physics.h">
      <Filter>ソース ファイル\physic</Filter>
    </ClInclude>
    <ClInclude Include="RigidBody.h">
      <Filter>ソース ファイル\component</Filter>
    </ClInclude>
    <ClInclude Include="CreateBallScript.h">
      <Filter>ソース ファイル\script</Filter>
    </ClInclude>
    <ClInclude Include="Collision.h">
      <Filter>ソース ファイル\physic</Filter>
    </ClInclude>
    <ClInclude Include="GJK.h">
      <Filter>ソース ファイル\math</Filter>
    </ClInclude>
    <ClInclude Include="Vector2.h">
      <Filter>ソース ファイル\math</Filter>
    </ClInclude>
    <ClInclude Include="ContactPoint.h">
      <Filter>ソース ファイル\physic</Filter>
    </ClInclude>
    <ClInclude Include="Constraint.h">
      <Filter>ソース ファイル\physic</Filter>
    </ClInclude>
    <ClInclude Include="FolderIcon.h">
      <Filter>ソース ファイル\window\project\icon</Filter>
    </ClInclude>
    <ClInclude Include="ScriptIcon.h">
      <Filter>ソース ファイル\window\project\icon</Filter>
    </ClInclude>
    <ClInclude Include="MenuNode.h">
      <Filter>ソース ファイル\window\menuList</Filter>
    </ClInclude>
    <ClInclude Include="MenuList.h">
      <Filter>ソース ファイル\window\menuList</Filter>
    </ClInclude>
    <ClInclude Include="Librate.h">
      <Filter>ソース ファイル\pointer</Filter>
    </ClInclude>
  </ItemGroup>
  <ItemGroup>
    <Image Include="tenkikun.ico">
      <Filter>リソース ファイル</Filter>
    </Image>
  </ItemGroup>
  <ItemGroup>
    <ResourceCompile Include="TenkikunEngineProject.rc">
      <Filter>リソース ファイル</Filter>
    </ResourceCompile>
  </ItemGroup>
</Project>